
Microsoft Visual Studio Solution File, Format Version 12.00
# Visual Studio Version 17
VisualStudioVersion = 17.0.31903.59
MinimumVisualStudioVersion = 10.0.40219.1
Project("{FAE04EC0-301F-11D3-BF4B-00C04F79EFBC}") = "DevIO.Data", "src\DevIO.Data\DevIO.Data.csproj", "{104FB3AC-8E76-42A0-B407-DC433673CD8B}"
EndProject
Project("{FAE04EC0-301F-11D3-BF4B-00C04F79EFBC}") = "DevIO.Business", "src\DevIO.Business\DevIO.Business.csproj", "{59DEC1C3-1405-4CC0-A24C-3A88173C053D}"
EndProject
Global
	GlobalSection(SolutionConfigurationPlatforms) = preSolution
		Debug|Any CPU = Debug|Any CPU
		Release|Any CPU = Release|Any CPU
	EndGlobalSection
	GlobalSection(ProjectConfigurationPlatforms) = postSolution
		{104FB3AC-8E76-42A0-B407-DC433673CD8B}.Debug|Any CPU.ActiveCfg = Debug|Any CPU
		{104FB3AC-8E76-42A0-B407-DC433673CD8B}.Debug|Any CPU.Build.0 = Debug|Any CPU
		{104FB3AC-8E76-42A0-B407-DC433673CD8B}.Release|Any CPU.ActiveCfg = Release|Any CPU
		{104FB3AC-8E76-42A0-B407-DC433673CD8B}.Release|Any CPU.Build.0 = Release|Any CPU
		{59DEC1C3-1405-4CC0-A24C-3A88173C053D}.Debug|Any CPU.ActiveCfg = Debug|Any CPU
		{59DEC1C3-1405-4CC0-A24C-3A88173C053D}.Debug|Any CPU.Build.0 = Debug|Any CPU
		{59DEC1C3-1405-4CC0-A24C-3A88173C053D}.Release|Any CPU.ActiveCfg = Release|Any CPU
		{59DEC1C3-1405-4CC0-A24C-3A88173C053D}.Release|Any CPU.Build.0 = Release|Any CPU
	EndGlobalSection
	GlobalSection(SolutionProperties) = preSolution
		HideSolutionNode = FALSE
	EndGlobalSection
EndGlobal
